// !$*UTF8*$!
{
	archiveVersion = 1;
	classes = {
	};
	objectVersion = 54;
	objects = {

/* Begin PBXBuildFile section */
		03547B5F9F724D7F9F72B70E /* Montserrat-ExtraBoldItalic.ttf in Resources */ = {isa = PBXBuildFile; fileRef = E43768DDBD7B4DAAAF3D6E11 /* Montserrat-ExtraBoldItalic.ttf */; };
		13B07FBC1A68108700A75B9A /* AppDelegate.mm in Sources */ = {isa = PBXBuildFile; fileRef = 13B07FB01A68108700A75B9A /* AppDelegate.mm */; };
		13B07FBF1A68108700A75B9A /* Images.xcassets in Resources */ = {isa = PBXBuildFile; fileRef = 13B07FB51A68108700A75B9A /* Images.xcassets */; };
		13B07FC11A68108700A75B9A /* main.m in Sources */ = {isa = PBXBuildFile; fileRef = 13B07FB71A68108700A75B9A /* main.m */; };
		18BECF26A73048ACA8494F00 /* Montserrat-SemiBoldItalic.ttf in Resources */ = {isa = PBXBuildFile; fileRef = 79F5B29B3ACA43A1A51F4AEF /* Montserrat-SemiBoldItalic.ttf */; };
		18EA3BF72B644C3393794128 /* Montserrat-MediumItalic.ttf in Resources */ = {isa = PBXBuildFile; fileRef = 2552357A66CF4B529736E4E7 /* Montserrat-MediumItalic.ttf */; };
		1FDC0118DBA1486FAF5011BE /* Montserrat-Black.ttf in Resources */ = {isa = PBXBuildFile; fileRef = C8356A8001154034B28597AD /* Montserrat-Black.ttf */; };
		2677C8D20C1A0ED3799F075B /* libPods-LittleBibleStories.a in Frameworks */ = {isa = PBXBuildFile; fileRef = 56D8CF139B2B25093D6FE0DE /* libPods-LittleBibleStories.a */; };
		285F5BA2A573400CA64BA340 /* Montserrat-Italic.ttf in Resources */ = {isa = PBXBuildFile; fileRef = 4D7393B2CE854182BDEBBF82 /* Montserrat-Italic.ttf */; };
		3CE70707E2114DA49AADBB5C /* Montserrat-Bold.ttf in Resources */ = {isa = PBXBuildFile; fileRef = DBD43807125749838AF64EA5 /* Montserrat-Bold.ttf */; };
		469DDECCDB4247B888D0F7EF /* Montserrat-ThinItalic.ttf in Resources */ = {isa = PBXBuildFile; fileRef = 5D0FD68FF049417C8D4371B9 /* Montserrat-ThinItalic.ttf */; };
		4B29FE32B36948C8A0CD0157 /* Montserrat-BoldItalic.ttf in Resources */ = {isa = PBXBuildFile; fileRef = D8726DAE84414EE9BA3CAC3E /* Montserrat-BoldItalic.ttf */; };
		4CB1CF2C9B67481A80B47CB6 /* Montserrat-Light.ttf in Resources */ = {isa = PBXBuildFile; fileRef = D5EDAA70038548D38DD09763 /* Montserrat-Light.ttf */; };
		5223D262BE3B4D15AF25E034 /* Montserrat-ExtraBold.ttf in Resources */ = {isa = PBXBuildFile; fileRef = 12336C8DED4D4B0EAE52C00A /* Montserrat-ExtraBold.ttf */; };
		56931A423AC7414FBC6436B9 /* Montserrat-Medium.ttf in Resources */ = {isa = PBXBuildFile; fileRef = F0AACEAE3F2F4E1988B20DB4 /* Montserrat-Medium.ttf */; };
		6772B2979D0B4626BB54944E /* Montserrat-Thin.ttf in Resources */ = {isa = PBXBuildFile; fileRef = 1EA1B4E4E70D44E989F49733 /* Montserrat-Thin.ttf */; };
		6F892EFC9CA443BCAA9BD4F7 /* Montserrat-LightItalic.ttf in Resources */ = {isa = PBXBuildFile; fileRef = E67E4BCCE49B4D0CA7E0E798 /* Montserrat-LightItalic.ttf */; };
		7B6347AF48F9F298748609F3 /* PrivacyInfo.xcprivacy in Resources */ = {isa = PBXBuildFile; fileRef = 78824A74C9EC0D5BA60E56F9 /* PrivacyInfo.xcprivacy */; };
		81AB9BB82411601600AC10FF /* LaunchScreen.storyboard in Resources */ = {isa = PBXBuildFile; fileRef = 81AB9BB72411601600AC10FF /* LaunchScreen.storyboard */; };
		99633DD653FB43EAA54870A0 /* Montserrat-Regular.ttf in Resources */ = {isa = PBXBuildFile; fileRef = 984F56AE663B438E95AC2161 /* Montserrat-Regular.ttf */; };
		AE59C5C347A94BE487FEEDC9 /* Montserrat-BlackItalic.ttf in Resources */ = {isa = PBXBuildFile; fileRef = A93089B7350A4F29B3572032 /* Montserrat-BlackItalic.ttf */; };
		BA67CBC109D24F1A9AD5E43F /* Montserrat-ExtraLightItalic.ttf in Resources */ = {isa = PBXBuildFile; fileRef = 1895B4D6BF24463F9A4BD79B /* Montserrat-ExtraLightItalic.ttf */; };
		C496B7B12D0456A2004AA55B /* dummy.swift in Sources */ = {isa = PBXBuildFile; fileRef = C496B7B02D0456A2004AA55B /* dummy.swift */; };
		ED134ACF48194CF9A19BE1C7 /* Montserrat-SemiBold.ttf in Resources */ = {isa = PBXBuildFile; fileRef = CA37F2ACC6EC4FBE91C75A34 /* Montserrat-SemiBold.ttf */; };
		EFFB9CE89924422FA2A49BCB /* Montserrat-ExtraLight.ttf in Resources */ = {isa = PBXBuildFile; fileRef = D9C072DDC432485A8C4BC997 /* Montserrat-ExtraLight.ttf */; };
/* End PBXBuildFile section */

/* Begin PBXFileReference section */
		00E356F11AD99517003FC87E /* Info.plist */ = {isa = PBXFileReference; lastKnownFileType = text.plist.xml; path = Info.plist; sourceTree = "<group>"; };
		00E356F21AD99517003FC87E /* LittleBibleStoriesTests.m */ = {isa = PBXFileReference; lastKnownFileType = sourcecode.c.objc; path = LittleBibleStoriesTests.m; sourceTree = "<group>"; };
		12336C8DED4D4B0EAE52C00A /* Montserrat-ExtraBold.ttf */ = {isa = PBXFileReference; explicitFileType = undefined; fileEncoding = 9; includeInIndex = 0; lastKnownFileType = unknown; name = "Montserrat-ExtraBold.ttf"; path = "../App/assets/fonts/Montserrat-ExtraBold.ttf"; sourceTree = "<group>"; };
		13B07F961A680F5B00A75B9A /* LittleBibleStories.app */ = {isa = PBXFileReference; explicitFileType = wrapper.application; includeInIndex = 0; path = LittleBibleStories.app; sourceTree = BUILT_PRODUCTS_DIR; };
		13B07FAF1A68108700A75B9A /* AppDelegate.h */ = {isa = PBXFileReference; fileEncoding = 4; lastKnownFileType = sourcecode.c.h; name = AppDelegate.h; path = LittleBibleStories/AppDelegate.h; sourceTree = "<group>"; };
		13B07FB01A68108700A75B9A /* AppDelegate.mm */ = {isa = PBXFileReference; fileEncoding = 4; lastKnownFileType = sourcecode.cpp.objcpp; name = AppDelegate.mm; path = LittleBibleStories/AppDelegate.mm; sourceTree = "<group>"; };
		13B07FB51A68108700A75B9A /* Images.xcassets */ = {isa = PBXFileReference; lastKnownFileType = folder.assetcatalog; name = Images.xcassets; path = LittleBibleStories/Images.xcassets; sourceTree = "<group>"; };
		13B07FB61A68108700A75B9A /* Info.plist */ = {isa = PBXFileReference; fileEncoding = 4; lastKnownFileType = text.plist.xml; name = Info.plist; path = LittleBibleStories/Info.plist; sourceTree = "<group>"; };
		13B07FB71A68108700A75B9A /* main.m */ = {isa = PBXFileReference; fileEncoding = 4; lastKnownFileType = sourcecode.c.objc; name = main.m; path = LittleBibleStories/main.m; sourceTree = "<group>"; };
		13B07FB81A68108700A75B9A /* PrivacyInfo.xcprivacy */ = {isa = PBXFileReference; fileEncoding = 4; lastKnownFileType = text.plist.xml; name = PrivacyInfo.xcprivacy; path = LittleBibleStories/PrivacyInfo.xcprivacy; sourceTree = "<group>"; };
		1895B4D6BF24463F9A4BD79B /* Montserrat-ExtraLightItalic.ttf */ = {isa = PBXFileReference; explicitFileType = undefined; fileEncoding = 9; includeInIndex = 0; lastKnownFileType = unknown; name = "Montserrat-ExtraLightItalic.ttf"; path = "../App/assets/fonts/Montserrat-ExtraLightItalic.ttf"; sourceTree = "<group>"; };
		1EA1B4E4E70D44E989F49733 /* Montserrat-Thin.ttf */ = {isa = PBXFileReference; explicitFileType = undefined; fileEncoding = 9; includeInIndex = 0; lastKnownFileType = unknown; name = "Montserrat-Thin.ttf"; path = "../App/assets/fonts/Montserrat-Thin.ttf"; sourceTree = "<group>"; };
		2552357A66CF4B529736E4E7 /* Montserrat-MediumItalic.ttf */ = {isa = PBXFileReference; explicitFileType = undefined; fileEncoding = 9; includeInIndex = 0; lastKnownFileType = unknown; name = "Montserrat-MediumItalic.ttf"; path = "../App/assets/fonts/Montserrat-MediumItalic.ttf"; sourceTree = "<group>"; };
		43F5EA42FC18342C9F530A33 /* Pods-LittleBibleStories.debug.xcconfig */ = {isa = PBXFileReference; includeInIndex = 1; lastKnownFileType = text.xcconfig; name = "Pods-LittleBibleStories.debug.xcconfig"; path = "Target Support Files/Pods-LittleBibleStories/Pods-LittleBibleStories.debug.xcconfig"; sourceTree = "<group>"; };
		4D7393B2CE854182BDEBBF82 /* Montserrat-Italic.ttf */ = {isa = PBXFileReference; explicitFileType = undefined; fileEncoding = 9; includeInIndex = 0; lastKnownFileType = unknown; name = "Montserrat-Italic.ttf"; path = "../App/assets/fonts/Montserrat-Italic.ttf"; sourceTree = "<group>"; };
		53DCF52254CC7A111CB01F2B /* libPods-LittleBibleStories-LittleBibleStoriesTests.a */ = {isa = PBXFileReference; explicitFileType = archive.ar; includeInIndex = 0; path = "libPods-LittleBibleStories-LittleBibleStoriesTests.a"; sourceTree = BUILT_PRODUCTS_DIR; };
		56D8CF139B2B25093D6FE0DE /* libPods-LittleBibleStories.a */ = {isa = PBXFileReference; explicitFileType = archive.ar; includeInIndex = 0; path = "libPods-LittleBibleStories.a"; sourceTree = BUILT_PRODUCTS_DIR; };
		5D0FD68FF049417C8D4371B9 /* Montserrat-ThinItalic.ttf */ = {isa = PBXFileReference; explicitFileType = undefined; fileEncoding = 9; includeInIndex = 0; lastKnownFileType = unknown; name = "Montserrat-ThinItalic.ttf"; path = "../App/assets/fonts/Montserrat-ThinItalic.ttf"; sourceTree = "<group>"; };
		78824A74C9EC0D5BA60E56F9 /* PrivacyInfo.xcprivacy */ = {isa = PBXFileReference; includeInIndex = 1; lastKnownFileType = text.xml; name = PrivacyInfo.xcprivacy; path = LittleBibleStories/PrivacyInfo.xcprivacy; sourceTree = "<group>"; };
		79F5B29B3ACA43A1A51F4AEF /* Montserrat-SemiBoldItalic.ttf */ = {isa = PBXFileReference; explicitFileType = undefined; fileEncoding = 9; includeInIndex = 0; lastKnownFileType = unknown; name = "Montserrat-SemiBoldItalic.ttf"; path = "../App/assets/fonts/Montserrat-SemiBoldItalic.ttf"; sourceTree = "<group>"; };
		81AB9BB72411601600AC10FF /* LaunchScreen.storyboard */ = {isa = PBXFileReference; fileEncoding = 4; lastKnownFileType = file.storyboard; name = LaunchScreen.storyboard; path = LittleBibleStories/LaunchScreen.storyboard; sourceTree = "<group>"; };
		984F56AE663B438E95AC2161 /* Montserrat-Regular.ttf */ = {isa = PBXFileReference; explicitFileType = undefined; fileEncoding = 9; includeInIndex = 0; lastKnownFileType = unknown; name = "Montserrat-Regular.ttf"; path = "../App/assets/fonts/Montserrat-Regular.ttf"; sourceTree = "<group>"; };
		A93089B7350A4F29B3572032 /* Montserrat-BlackItalic.ttf */ = {isa = PBXFileReference; explicitFileType = undefined; fileEncoding = 9; includeInIndex = 0; lastKnownFileType = unknown; name = "Montserrat-BlackItalic.ttf"; path = "../App/assets/fonts/Montserrat-BlackItalic.ttf"; sourceTree = "<group>"; };
		AB623A660FF46775D1E3F77C /* Pods-LittleBibleStories-LittleBibleStoriesTests.release.xcconfig */ = {isa = PBXFileReference; includeInIndex = 1; lastKnownFileType = text.xcconfig; name = "Pods-LittleBibleStories-LittleBibleStoriesTests.release.xcconfig"; path = "Target Support Files/Pods-LittleBibleStories-LittleBibleStoriesTests/Pods-LittleBibleStories-LittleBibleStoriesTests.release.xcconfig"; sourceTree = "<group>"; };
		C496B7AF2D0456A1004AA55B /* LittleBibleStories-Bridging-Header.h */ = {isa = PBXFileReference; lastKnownFileType = sourcecode.c.h; path = "LittleBibleStories-Bridging-Header.h"; sourceTree = "<group>"; };
		C496B7B02D0456A2004AA55B /* dummy.swift */ = {isa = PBXFileReference; lastKnownFileType = sourcecode.swift; path = dummy.swift; sourceTree = "<group>"; };
		C668BC055C7771A55E58F4AD /* Pods-LittleBibleStories.release.xcconfig */ = {isa = PBXFileReference; includeInIndex = 1; lastKnownFileType = text.xcconfig; name = "Pods-LittleBibleStories.release.xcconfig"; path = "Target Support Files/Pods-LittleBibleStories/Pods-LittleBibleStories.release.xcconfig"; sourceTree = "<group>"; };
		C8356A8001154034B28597AD /* Montserrat-Black.ttf */ = {isa = PBXFileReference; explicitFileType = undefined; fileEncoding = 9; includeInIndex = 0; lastKnownFileType = unknown; name = "Montserrat-Black.ttf"; path = "../App/assets/fonts/Montserrat-Black.ttf"; sourceTree = "<group>"; };
		CA37F2ACC6EC4FBE91C75A34 /* Montserrat-SemiBold.ttf */ = {isa = PBXFileReference; explicitFileType = undefined; fileEncoding = 9; includeInIndex = 0; lastKnownFileType = unknown; name = "Montserrat-SemiBold.ttf"; path = "../App/assets/fonts/Montserrat-SemiBold.ttf"; sourceTree = "<group>"; };
		D5EDAA70038548D38DD09763 /* Montserrat-Light.ttf */ = {isa = PBXFileReference; explicitFileType = undefined; fileEncoding = 9; includeInIndex = 0; lastKnownFileType = unknown; name = "Montserrat-Light.ttf"; path = "../App/assets/fonts/Montserrat-Light.ttf"; sourceTree = "<group>"; };
		D8726DAE84414EE9BA3CAC3E /* Montserrat-BoldItalic.ttf */ = {isa = PBXFileReference; explicitFileType = undefined; fileEncoding = 9; includeInIndex = 0; lastKnownFileType = unknown; name = "Montserrat-BoldItalic.ttf"; path = "../App/assets/fonts/Montserrat-BoldItalic.ttf"; sourceTree = "<group>"; };
		D9C072DDC432485A8C4BC997 /* Montserrat-ExtraLight.ttf */ = {isa = PBXFileReference; explicitFileType = undefined; fileEncoding = 9; includeInIndex = 0; lastKnownFileType = unknown; name = "Montserrat-ExtraLight.ttf"; path = "../App/assets/fonts/Montserrat-ExtraLight.ttf"; sourceTree = "<group>"; };
		DAD33FA3EAA37F2946E5A526 /* Pods-LittleBibleStories-LittleBibleStoriesTests.debug.xcconfig */ = {isa = PBXFileReference; includeInIndex = 1; lastKnownFileType = text.xcconfig; name = "Pods-LittleBibleStories-LittleBibleStoriesTests.debug.xcconfig"; path = "Target Support Files/Pods-LittleBibleStories-LittleBibleStoriesTests/Pods-LittleBibleStories-LittleBibleStoriesTests.debug.xcconfig"; sourceTree = "<group>"; };
		DBD43807125749838AF64EA5 /* Montserrat-Bold.ttf */ = {isa = PBXFileReference; explicitFileType = undefined; fileEncoding = 9; includeInIndex = 0; lastKnownFileType = unknown; name = "Montserrat-Bold.ttf"; path = "../App/assets/fonts/Montserrat-Bold.ttf"; sourceTree = "<group>"; };
		E43768DDBD7B4DAAAF3D6E11 /* Montserrat-ExtraBoldItalic.ttf */ = {isa = PBXFileReference; explicitFileType = undefined; fileEncoding = 9; includeInIndex = 0; lastKnownFileType = unknown; name = "Montserrat-ExtraBoldItalic.ttf"; path = "../App/assets/fonts/Montserrat-ExtraBoldItalic.ttf"; sourceTree = "<group>"; };
		E67E4BCCE49B4D0CA7E0E798 /* Montserrat-LightItalic.ttf */ = {isa = PBXFileReference; explicitFileType = undefined; fileEncoding = 9; includeInIndex = 0; lastKnownFileType = unknown; name = "Montserrat-LightItalic.ttf"; path = "../App/assets/fonts/Montserrat-LightItalic.ttf"; sourceTree = "<group>"; };
		ED297162215061F000B7C4FE /* JavaScriptCore.framework */ = {isa = PBXFileReference; lastKnownFileType = wrapper.framework; name = JavaScriptCore.framework; path = System/Library/Frameworks/JavaScriptCore.framework; sourceTree = SDKROOT; };
		F0AACEAE3F2F4E1988B20DB4 /* Montserrat-Medium.ttf */ = {isa = PBXFileReference; explicitFileType = undefined; fileEncoding = 9; includeInIndex = 0; lastKnownFileType = unknown; name = "Montserrat-Medium.ttf"; path = "../App/assets/fonts/Montserrat-Medium.ttf"; sourceTree = "<group>"; };
/* End PBXFileReference section */

/* Begin PBXFrameworksBuildPhase section */
		13B07F8C1A680F5B00A75B9A /* Frameworks */ = {
			isa = PBXFrameworksBuildPhase;
			buildActionMask = 2147483647;
			files = (
				2677C8D20C1A0ED3799F075B /* libPods-LittleBibleStories.a in Frameworks */,
			);
			runOnlyForDeploymentPostprocessing = 0;
		};
/* End PBXFrameworksBuildPhase section */

/* Begin PBXGroup section */
		00E356EF1AD99517003FC87E /* LittleBibleStoriesTests */ = {
			isa = PBXGroup;
			children = (
				00E356F21AD99517003FC87E /* LittleBibleStoriesTests.m */,
				00E356F01AD99517003FC87E /* Supporting Files */,
			);
			path = LittleBibleStoriesTests;
			sourceTree = "<group>";
		};
		00E356F01AD99517003FC87E /* Supporting Files */ = {
			isa = PBXGroup;
			children = (
				00E356F11AD99517003FC87E /* Info.plist */,
			);
			name = "Supporting Files";
			sourceTree = "<group>";
		};
		13B07FAE1A68108700A75B9A /* LittleBibleStories */ = {
			isa = PBXGroup;
			children = (
				13B07FAF1A68108700A75B9A /* AppDelegate.h */,
				13B07FB01A68108700A75B9A /* AppDelegate.mm */,
				13B07FB51A68108700A75B9A /* Images.xcassets */,
				13B07FB61A68108700A75B9A /* Info.plist */,
				81AB9BB72411601600AC10FF /* LaunchScreen.storyboard */,
				13B07FB71A68108700A75B9A /* main.m */,
				13B07FB81A68108700A75B9A /* PrivacyInfo.xcprivacy */,
				78824A74C9EC0D5BA60E56F9 /* PrivacyInfo.xcprivacy */,
				C496B7B02D0456A2004AA55B /* dummy.swift */,
				C496B7AF2D0456A1004AA55B /* LittleBibleStories-Bridging-Header.h */,
			);
			name = LittleBibleStories;
			sourceTree = "<group>";
		};
		2D16E6871FA4F8E400B85C8A /* Frameworks */ = {
			isa = PBXGroup;
			children = (
				ED297162215061F000B7C4FE /* JavaScriptCore.framework */,
				56D8CF139B2B25093D6FE0DE /* libPods-LittleBibleStories.a */,
				53DCF52254CC7A111CB01F2B /* libPods-LittleBibleStories-LittleBibleStoriesTests.a */,
			);
			name = Frameworks;
			sourceTree = "<group>";
		};
		2ECE7B5FC3B54202B826D7D7 /* Resources */ = {
			isa = PBXGroup;
			children = (
				C8356A8001154034B28597AD /* Montserrat-Black.ttf */,
				A93089B7350A4F29B3572032 /* Montserrat-BlackItalic.ttf */,
				DBD43807125749838AF64EA5 /* Montserrat-Bold.ttf */,
				D8726DAE84414EE9BA3CAC3E /* Montserrat-BoldItalic.ttf */,
				12336C8DED4D4B0EAE52C00A /* Montserrat-ExtraBold.ttf */,
				E43768DDBD7B4DAAAF3D6E11 /* Montserrat-ExtraBoldItalic.ttf */,
				D9C072DDC432485A8C4BC997 /* Montserrat-ExtraLight.ttf */,
				1895B4D6BF24463F9A4BD79B /* Montserrat-ExtraLightItalic.ttf */,
				4D7393B2CE854182BDEBBF82 /* Montserrat-Italic.ttf */,
				D5EDAA70038548D38DD09763 /* Montserrat-Light.ttf */,
				E67E4BCCE49B4D0CA7E0E798 /* Montserrat-LightItalic.ttf */,
				F0AACEAE3F2F4E1988B20DB4 /* Montserrat-Medium.ttf */,
				2552357A66CF4B529736E4E7 /* Montserrat-MediumItalic.ttf */,
				984F56AE663B438E95AC2161 /* Montserrat-Regular.ttf */,
				CA37F2ACC6EC4FBE91C75A34 /* Montserrat-SemiBold.ttf */,
				79F5B29B3ACA43A1A51F4AEF /* Montserrat-SemiBoldItalic.ttf */,
				1EA1B4E4E70D44E989F49733 /* Montserrat-Thin.ttf */,
				5D0FD68FF049417C8D4371B9 /* Montserrat-ThinItalic.ttf */,
			);
			name = Resources;
			sourceTree = "<group>";
		};
		832341AE1AAA6A7D00B99B32 /* Libraries */ = {
			isa = PBXGroup;
			children = (
			);
			name = Libraries;
			sourceTree = "<group>";
		};
		83CBB9F61A601CBA00E9B192 = {
			isa = PBXGroup;
			children = (
				13B07FAE1A68108700A75B9A /* LittleBibleStories */,
				832341AE1AAA6A7D00B99B32 /* Libraries */,
				00E356EF1AD99517003FC87E /* LittleBibleStoriesTests */,
				83CBBA001A601CBA00E9B192 /* Products */,
				2D16E6871FA4F8E400B85C8A /* Frameworks */,
				BBD78D7AC51CEA395F1C20DB /* Pods */,
				2ECE7B5FC3B54202B826D7D7 /* Resources */,
			);
			indentWidth = 2;
			sourceTree = "<group>";
			tabWidth = 2;
			usesTabs = 0;
		};
		83CBBA001A601CBA00E9B192 /* Products */ = {
			isa = PBXGroup;
			children = (
				13B07F961A680F5B00A75B9A /* LittleBibleStories.app */,
			);
			name = Products;
			sourceTree = "<group>";
		};
		BBD78D7AC51CEA395F1C20DB /* Pods */ = {
			isa = PBXGroup;
			children = (
				43F5EA42FC18342C9F530A33 /* Pods-LittleBibleStories.debug.xcconfig */,
				C668BC055C7771A55E58F4AD /* Pods-LittleBibleStories.release.xcconfig */,
				DAD33FA3EAA37F2946E5A526 /* Pods-LittleBibleStories-LittleBibleStoriesTests.debug.xcconfig */,
				AB623A660FF46775D1E3F77C /* Pods-LittleBibleStories-LittleBibleStoriesTests.release.xcconfig */,
			);
			path = Pods;
			sourceTree = "<group>";
		};
/* End PBXGroup section */

/* Begin PBXNativeTarget section */
		13B07F861A680F5B00A75B9A /* LittleBibleStories */ = {
			isa = PBXNativeTarget;
			buildConfigurationList = 13B07F931A680F5B00A75B9A /* Build configuration list for PBXNativeTarget "LittleBibleStories" */;
			buildPhases = (
				EC84E9107E40C2F6D0FB4DA6 /* [CP] Check Pods Manifest.lock */,
				13B07F871A680F5B00A75B9A /* Sources */,
				13B07F8C1A680F5B00A75B9A /* Frameworks */,
				13B07F8E1A680F5B00A75B9A /* Resources */,
				00DD1BFF1BD5951E006B06BC /* Bundle React Native code and images */,
				65790A6A2A9D573E55D23A08 /* [CP] Embed Pods Frameworks */,
				F313392C996D1BDC2250475A /* [CP] Copy Pods Resources */,
			);
			buildRules = (
			);
			dependencies = (
			);
			name = LittleBibleStories;
			productName = LittleBibleStories;
			productReference = 13B07F961A680F5B00A75B9A /* LittleBibleStories.app */;
			productType = "com.apple.product-type.application";
		};
/* End PBXNativeTarget section */

/* Begin PBXProject section */
		83CBB9F71A601CBA00E9B192 /* Project object */ = {
			isa = PBXProject;
			attributes = {
				LastUpgradeCheck = 1210;
				TargetAttributes = {
					13B07F861A680F5B00A75B9A = {
						LastSwiftMigration = 1520;
					};
				};
			};
			buildConfigurationList = 83CBB9FA1A601CBA00E9B192 /* Build configuration list for PBXProject "LittleBibleStories" */;
			compatibilityVersion = "Xcode 12.0";
			developmentRegion = en;
			hasScannedForEncodings = 0;
			knownRegions = (
				en,
				Base,
			);
			mainGroup = 83CBB9F61A601CBA00E9B192;
			productRefGroup = 83CBBA001A601CBA00E9B192 /* Products */;
			projectDirPath = "";
			projectRoot = "";
			targets = (
				13B07F861A680F5B00A75B9A /* LittleBibleStories */,
			);
		};
/* End PBXProject section */

/* Begin PBXResourcesBuildPhase section */
		13B07F8E1A680F5B00A75B9A /* Resources */ = {
			isa = PBXResourcesBuildPhase;
			buildActionMask = 2147483647;
			files = (
				81AB9BB82411601600AC10FF /* LaunchScreen.storyboard in Resources */,
				13B07FBF1A68108700A75B9A /* Images.xcassets in Resources */,
				1FDC0118DBA1486FAF5011BE /* Montserrat-Black.ttf in Resources */,
				AE59C5C347A94BE487FEEDC9 /* Montserrat-BlackItalic.ttf in Resources */,
				3CE70707E2114DA49AADBB5C /* Montserrat-Bold.ttf in Resources */,
				4B29FE32B36948C8A0CD0157 /* Montserrat-BoldItalic.ttf in Resources */,
				5223D262BE3B4D15AF25E034 /* Montserrat-ExtraBold.ttf in Resources */,
				03547B5F9F724D7F9F72B70E /* Montserrat-ExtraBoldItalic.ttf in Resources */,
				EFFB9CE89924422FA2A49BCB /* Montserrat-ExtraLight.ttf in Resources */,
				BA67CBC109D24F1A9AD5E43F /* Montserrat-ExtraLightItalic.ttf in Resources */,
				285F5BA2A573400CA64BA340 /* Montserrat-Italic.ttf in Resources */,
				4CB1CF2C9B67481A80B47CB6 /* Montserrat-Light.ttf in Resources */,
				6F892EFC9CA443BCAA9BD4F7 /* Montserrat-LightItalic.ttf in Resources */,
				56931A423AC7414FBC6436B9 /* Montserrat-Medium.ttf in Resources */,
				18EA3BF72B644C3393794128 /* Montserrat-MediumItalic.ttf in Resources */,
				99633DD653FB43EAA54870A0 /* Montserrat-Regular.ttf in Resources */,
				ED134ACF48194CF9A19BE1C7 /* Montserrat-SemiBold.ttf in Resources */,
				18BECF26A73048ACA8494F00 /* Montserrat-SemiBoldItalic.ttf in Resources */,
				6772B2979D0B4626BB54944E /* Montserrat-Thin.ttf in Resources */,
				469DDECCDB4247B888D0F7EF /* Montserrat-ThinItalic.ttf in Resources */,
				7B6347AF48F9F298748609F3 /* PrivacyInfo.xcprivacy in Resources */,
			);
			runOnlyForDeploymentPostprocessing = 0;
		};
/* End PBXResourcesBuildPhase section */

/* Begin PBXShellScriptBuildPhase section */
		00DD1BFF1BD5951E006B06BC /* Bundle React Native code and images */ = {
			isa = PBXShellScriptBuildPhase;
			buildActionMask = 2147483647;
			files = (
			);
			inputPaths = (
				"$(SRCROOT)/.xcode.env.local",
				"$(SRCROOT)/.xcode.env",
			);
			name = "Bundle React Native code and images";
			outputPaths = (
			);
			runOnlyForDeploymentPostprocessing = 0;
			shellPath = /bin/sh;
			shellScript = "set -e\n\nWITH_ENVIRONMENT=\"$REACT_NATIVE_PATH/scripts/xcode/with-environment.sh\"\nREACT_NATIVE_XCODE=\"$REACT_NATIVE_PATH/scripts/react-native-xcode.sh\"\n\n/bin/sh -c \"$WITH_ENVIRONMENT $REACT_NATIVE_XCODE\"\n";
		};
		65790A6A2A9D573E55D23A08 /* [CP] Embed Pods Frameworks */ = {
			isa = PBXShellScriptBuildPhase;
			buildActionMask = 2147483647;
			files = (
			);
			inputFileListPaths = (
				"${PODS_ROOT}/Target Support Files/Pods-LittleBibleStories/Pods-LittleBibleStories-frameworks-${CONFIGURATION}-input-files.xcfilelist",
			);
			name = "[CP] Embed Pods Frameworks";
			outputFileListPaths = (
				"${PODS_ROOT}/Target Support Files/Pods-LittleBibleStories/Pods-LittleBibleStories-frameworks-${CONFIGURATION}-output-files.xcfilelist",
			);
			runOnlyForDeploymentPostprocessing = 0;
			shellPath = /bin/sh;
			shellScript = "\"${PODS_ROOT}/Target Support Files/Pods-LittleBibleStories/Pods-LittleBibleStories-frameworks.sh\"\n";
			showEnvVarsInLog = 0;
		};
		EC84E9107E40C2F6D0FB4DA6 /* [CP] Check Pods Manifest.lock */ = {
			isa = PBXShellScriptBuildPhase;
			buildActionMask = 2147483647;
			files = (
			);
			inputFileListPaths = (
			);
			inputPaths = (
				"${PODS_PODFILE_DIR_PATH}/Podfile.lock",
				"${PODS_ROOT}/Manifest.lock",
			);
			name = "[CP] Check Pods Manifest.lock";
			outputFileListPaths = (
			);
			outputPaths = (
				"$(DERIVED_FILE_DIR)/Pods-LittleBibleStories-checkManifestLockResult.txt",
			);
			runOnlyForDeploymentPostprocessing = 0;
			shellPath = /bin/sh;
			shellScript = "diff \"${PODS_PODFILE_DIR_PATH}/Podfile.lock\" \"${PODS_ROOT}/Manifest.lock\" > /dev/null\nif [ $? != 0 ] ; then\n    # print error to STDERR\n    echo \"error: The sandbox is not in sync with the Podfile.lock. Run 'pod install' or update your CocoaPods installation.\" >&2\n    exit 1\nfi\n# This output is used by Xcode 'outputs' to avoid re-running this script phase.\necho \"SUCCESS\" > \"${SCRIPT_OUTPUT_FILE_0}\"\n";
			showEnvVarsInLog = 0;
		};
		F313392C996D1BDC2250475A /* [CP] Copy Pods Resources */ = {
			isa = PBXShellScriptBuildPhase;
			buildActionMask = 2147483647;
			files = (
			);
			inputFileListPaths = (
				"${PODS_ROOT}/Target Support Files/Pods-LittleBibleStories/Pods-LittleBibleStories-resources-${CONFIGURATION}-input-files.xcfilelist",
			);
			name = "[CP] Copy Pods Resources";
			outputFileListPaths = (
				"${PODS_ROOT}/Target Support Files/Pods-LittleBibleStories/Pods-LittleBibleStories-resources-${CONFIGURATION}-output-files.xcfilelist",
			);
			runOnlyForDeploymentPostprocessing = 0;
			shellPath = /bin/sh;
			shellScript = "\"${PODS_ROOT}/Target Support Files/Pods-LittleBibleStories/Pods-LittleBibleStories-resources.sh\"\n";
			showEnvVarsInLog = 0;
		};
/* End PBXShellScriptBuildPhase section */

/* Begin PBXSourcesBuildPhase section */
		13B07F871A680F5B00A75B9A /* Sources */ = {
			isa = PBXSourcesBuildPhase;
			buildActionMask = 2147483647;
			files = (
				13B07FBC1A68108700A75B9A /* AppDelegate.mm in Sources */,
				C496B7B12D0456A2004AA55B /* dummy.swift in Sources */,
				13B07FC11A68108700A75B9A /* main.m in Sources */,
			);
			runOnlyForDeploymentPostprocessing = 0;
		};
/* End PBXSourcesBuildPhase section */

/* Begin XCBuildConfiguration section */
		13B07F941A680F5B00A75B9A /* Debug */ = {
			isa = XCBuildConfiguration;
			baseConfigurationReference = 43F5EA42FC18342C9F530A33 /* Pods-LittleBibleStories.debug.xcconfig */;
			buildSettings = {
				ASSETCATALOG_COMPILER_APPICON_NAME = AppIcon;
				ASSETCATALOG_COMPILER_INCLUDE_ALL_APPICON_ASSETS = NO;
				CLANG_ENABLE_MODULES = YES;
				CURRENT_PROJECT_VERSION = 6;
				DEVELOPMENT_TEAM = GDLX97LQ83;
				ENABLE_BITCODE = NO;
				INFOPLIST_FILE = LittleBibleStories/Info.plist;
				INFOPLIST_KEY_CFBundleDisplayName = "Little Bible Stories";
				IPHONEOS_DEPLOYMENT_TARGET = 13.4;
				LD_RUNPATH_SEARCH_PATHS = (
					"$(inherited)",
					"@executable_path/Frameworks",
				);
				MARKETING_VERSION = 1.0;
				OTHER_LDFLAGS = (
					"$(inherited)",
					"-ObjC",
					"-lc++",
				);
				PRODUCT_BUNDLE_IDENTIFIER = com.littlebiblestories;
				PRODUCT_NAME = LittleBibleStories;
				SUPPORTED_PLATFORMS = "iphoneos iphonesimulator";
				SUPPORTS_MACCATALYST = NO;
				SUPPORTS_XR_DESIGNED_FOR_IPHONE_IPAD = NO;
				SWIFT_OBJC_BRIDGING_HEADER = "LittleBibleStories-Bridging-Header.h";
				SWIFT_OPTIMIZATION_LEVEL = "-Onone";
				SWIFT_VERSION = 5.0;
				TARGETED_DEVICE_FAMILY = 1;
				VERSIONING_SYSTEM = "apple-generic";
			};
			name = Debug;
		};
		13B07F951A680F5B00A75B9A /* Release */ = {
			isa = XCBuildConfiguration;
			baseConfigurationReference = C668BC055C7771A55E58F4AD /* Pods-LittleBibleStories.release.xcconfig */;
			buildSettings = {
				ASSETCATALOG_COMPILER_APPICON_NAME = AppIcon;
				ASSETCATALOG_COMPILER_INCLUDE_ALL_APPICON_ASSETS = NO;
				CLANG_ENABLE_MODULES = YES;
				CURRENT_PROJECT_VERSION = 6;
				DEVELOPMENT_TEAM = GDLX97LQ83;
				INFOPLIST_FILE = LittleBibleStories/Info.plist;
				INFOPLIST_KEY_CFBundleDisplayName = "Little Bible Stories";
				IPHONEOS_DEPLOYMENT_TARGET = 13.4;
				LD_RUNPATH_SEARCH_PATHS = (
					"$(inherited)",
					"@executable_path/Frameworks",
				);
				MARKETING_VERSION = 1.0;
				OTHER_LDFLAGS = (
					"$(inherited)",
					"-ObjC",
					"-lc++",
				);
				PRODUCT_BUNDLE_IDENTIFIER = com.littlebiblestories;
				PRODUCT_NAME = LittleBibleStories;
				SUPPORTED_PLATFORMS = "iphoneos iphonesimulator";
				SUPPORTS_MACCATALYST = NO;
				SUPPORTS_XR_DESIGNED_FOR_IPHONE_IPAD = NO;
				SWIFT_OBJC_BRIDGING_HEADER = "LittleBibleStories-Bridging-Header.h";
				SWIFT_VERSION = 5.0;
				TARGETED_DEVICE_FAMILY = 1;
				VERSIONING_SYSTEM = "apple-generic";
			};
			name = Release;
		};
		83CBBA201A601CBA00E9B192 /* Debug */ = {
			isa = XCBuildConfiguration;
			buildSettings = {
				ALWAYS_SEARCH_USER_PATHS = NO;
				CC = "";
				CLANG_ANALYZER_LOCALIZABILITY_NONLOCALIZED = YES;
				CLANG_CXX_LANGUAGE_STANDARD = "c++20";
				CLANG_CXX_LIBRARY = "libc++";
				CLANG_ENABLE_MODULES = YES;
				CLANG_ENABLE_OBJC_ARC = YES;
				CLANG_WARN_BLOCK_CAPTURE_AUTORELEASING = YES;
				CLANG_WARN_BOOL_CONVERSION = YES;
				CLANG_WARN_COMMA = YES;
				CLANG_WARN_CONSTANT_CONVERSION = YES;
				CLANG_WARN_DEPRECATED_OBJC_IMPLEMENTATIONS = YES;
				CLANG_WARN_DIRECT_OBJC_ISA_USAGE = YES_ERROR;
				CLANG_WARN_EMPTY_BODY = YES;
				CLANG_WARN_ENUM_CONVERSION = YES;
				CLANG_WARN_INFINITE_RECURSION = YES;
				CLANG_WARN_INT_CONVERSION = YES;
				CLANG_WARN_NON_LITERAL_NULL_CONVERSION = YES;
				CLANG_WARN_OBJC_IMPLICIT_RETAIN_SELF = YES;
				CLANG_WARN_OBJC_LITERAL_CONVERSION = YES;
				CLANG_WARN_OBJC_ROOT_CLASS = YES_ERROR;
				CLANG_WARN_QUOTED_INCLUDE_IN_FRAMEWORK_HEADER = YES;
				CLANG_WARN_RANGE_LOOP_ANALYSIS = YES;
				CLANG_WARN_STRICT_PROTOTYPES = YES;
				CLANG_WARN_SUSPICIOUS_MOVE = YES;
				CLANG_WARN_UNREACHABLE_CODE = YES;
				CLANG_WARN__DUPLICATE_METHOD_MATCH = YES;
				"CODE_SIGN_IDENTITY[sdk=iphoneos*]" = "iPhone Developer";
				COPY_PHASE_STRIP = NO;
				CXX = "";
				ENABLE_STRICT_OBJC_MSGSEND = YES;
				ENABLE_TESTABILITY = YES;
				"EXCLUDED_ARCHS[sdk=iphonesimulator*]" = "";
				GCC_C_LANGUAGE_STANDARD = gnu99;
				GCC_DYNAMIC_NO_PIC = NO;
				GCC_NO_COMMON_BLOCKS = YES;
				GCC_OPTIMIZATION_LEVEL = 0;
				GCC_PREPROCESSOR_DEFINITIONS = (
					"DEBUG=1",
					"$(inherited)",
				);
				GCC_SYMBOLS_PRIVATE_EXTERN = NO;
				GCC_WARN_64_TO_32_BIT_CONVERSION = YES;
				GCC_WARN_ABOUT_RETURN_TYPE = YES_ERROR;
				GCC_WARN_UNDECLARED_SELECTOR = YES;
				GCC_WARN_UNINITIALIZED_AUTOS = YES_AGGRESSIVE;
				GCC_WARN_UNUSED_FUNCTION = YES;
				GCC_WARN_UNUSED_VARIABLE = YES;
				IPHONEOS_DEPLOYMENT_TARGET = 13.4;
				LD = "";
				LDPLUSPLUS = "";
				LD_RUNPATH_SEARCH_PATHS = (
					/usr/lib/swift,
					"$(inherited)",
				);
				LIBRARY_SEARCH_PATHS = (
					"\"$(SDKROOT)/usr/lib/swift\"",
					"\"$(TOOLCHAIN_DIR)/usr/lib/swift/$(PLATFORM_NAME)\"",
					"\"$(inherited)\"",
				);
				MTL_ENABLE_DEBUG_INFO = YES;
				ONLY_ACTIVE_ARCH = YES;
				OTHER_CPLUSPLUSFLAGS = (
					"$(OTHER_CFLAGS)",
					"-DFOLLY_NO_CONFIG",
					"-DFOLLY_MOBILE=1",
					"-DFOLLY_USE_LIBCPP=1",
					"-DFOLLY_CFG_NO_COROUTINES=1",
					"-DFOLLY_HAVE_CLOCK_GETTIME=1",
				);
				OTHER_LDFLAGS = "$(inherited)  ";
				REACT_NATIVE_PATH = "${PODS_ROOT}/../../node_modules/react-native";
				SDKROOT = iphoneos;
				SWIFT_ACTIVE_COMPILATION_CONDITIONS = "$(inherited) DEBUG";
				USE_HERMES = true;
			};
			name = Debug;
		};
		83CBBA211A601CBA00E9B192 /* Release */ = {
			isa = XCBuildConfiguration;
			buildSettings = {
				ALWAYS_SEARCH_USER_PATHS = NO;
				CC = "";
				CLANG_ANALYZER_LOCALIZABILITY_NONLOCALIZED = YES;
				CLANG_CXX_LANGUAGE_STANDARD = "c++20";
				CLANG_CXX_LIBRARY = "libc++";
				CLANG_ENABLE_MODULES = YES;
				CLANG_ENABLE_OBJC_ARC = YES;
				CLANG_WARN_BLOCK_CAPTURE_AUTORELEASING = YES;
				CLANG_WARN_BOOL_CONVERSION = YES;
				CLANG_WARN_COMMA = YES;
				CLANG_WARN_CONSTANT_CONVERSION = YES;
				CLANG_WARN_DEPRECATED_OBJC_IMPLEMENTATIONS = YES;
				CLANG_WARN_DIRECT_OBJC_ISA_USAGE = YES_ERROR;
				CLANG_WARN_EMPTY_BODY = YES;
				CLANG_WARN_ENUM_CONVERSION = YES;
				CLANG_WARN_INFINITE_RECURSION = YES;
				CLANG_WARN_INT_CONVERSION = YES;
				CLANG_WARN_NON_LITERAL_NULL_CONVERSION = YES;
				CLANG_WARN_OBJC_IMPLICIT_RETAIN_SELF = YES;
				CLANG_WARN_OBJC_LITERAL_CONVERSION = YES;
				CLANG_WARN_OBJC_ROOT_CLASS = YES_ERROR;
				CLANG_WARN_QUOTED_INCLUDE_IN_FRAMEWORK_HEADER = YES;
				CLANG_WARN_RANGE_LOOP_ANALYSIS = YES;
				CLANG_WARN_STRICT_PROTOTYPES = YES;
				CLANG_WARN_SUSPICIOUS_MOVE = YES;
				CLANG_WARN_UNREACHABLE_CODE = YES;
				CLANG_WARN__DUPLICATE_METHOD_MATCH = YES;
				"CODE_SIGN_IDENTITY[sdk=iphoneos*]" = "iPhone Developer";
				COPY_PHASE_STRIP = YES;
				CXX = "";
				ENABLE_NS_ASSERTIONS = NO;
				ENABLE_STRICT_OBJC_MSGSEND = YES;
				"EXCLUDED_ARCHS[sdk=iphonesimulator*]" = "";
				GCC_C_LANGUAGE_STANDARD = gnu99;
				GCC_NO_COMMON_BLOCKS = YES;
				GCC_WARN_64_TO_32_BIT_CONVERSION = YES;
				GCC_WARN_ABOUT_RETURN_TYPE = YES_ERROR;
				GCC_WARN_UNDECLARED_SELECTOR = YES;
				GCC_WARN_UNINITIALIZED_AUTOS = YES_AGGRESSIVE;
				GCC_WARN_UNUSED_FUNCTION = YES;
				GCC_WARN_UNUSED_VARIABLE = YES;
				IPHONEOS_DEPLOYMENT_TARGET = 13.4;
				LD = "";
				LDPLUSPLUS = "";
				LD_RUNPATH_SEARCH_PATHS = (
					/usr/lib/swift,
					"$(inherited)",
				);
				LIBRARY_SEARCH_PATHS = (
					"\"$(SDKROOT)/usr/lib/swift\"",
					"\"$(TOOLCHAIN_DIR)/usr/lib/swift/$(PLATFORM_NAME)\"",
					"\"$(inherited)\"",
				);
				MTL_ENABLE_DEBUG_INFO = NO;
				OTHER_CPLUSPLUSFLAGS = (
					"$(OTHER_CFLAGS)",
					"-DFOLLY_NO_CONFIG",
					"-DFOLLY_MOBILE=1",
					"-DFOLLY_USE_LIBCPP=1",
					"-DFOLLY_CFG_NO_COROUTINES=1",
					"-DFOLLY_HAVE_CLOCK_GETTIME=1",
				);
				OTHER_LDFLAGS = "$(inherited)  ";
				REACT_NATIVE_PATH = "${PODS_ROOT}/../../node_modules/react-native";
				SDKROOT = iphoneos;
				USE_HERMES = true;
				VALIDATE_PRODUCT = YES;
			};
			name = Release;
		};
/* End XCBuildConfiguration section */

/* Begin XCConfigurationList section */
		13B07F931A680F5B00A75B9A /* Build configuration list for PBXNativeTarget "LittleBibleStories" */ = {
			isa = XCConfigurationList;
			buildConfigurations = (
				13B07F941A680F5B00A75B9A /* Debug */,
				13B07F951A680F5B00A75B9A /* Release */,
			);
			defaultConfigurationIsVisible = 0;
			defaultConfigurationName = Release;
		};
		83CBB9FA1A601CBA00E9B192 /* Build configuration list for PBXProject "LittleBibleStories" */ = {
			isa = XCConfigurationList;
			buildConfigurations = (
				83CBBA201A601CBA00E9B192 /* Debug */,
				83CBBA211A601CBA00E9B192 /* Release */,
			);
			defaultConfigurationIsVisible = 0;
			defaultConfigurationName = Release;
		};
/* End XCConfigurationList section */
	};
	rootObject = 83CBB9F71A601CBA00E9B192 /* Project object */;
}
